
Microsoft Visual Studio Solution File, Format Version 12.00
# Visual Studio 2013
VisualStudioVersion = 12.0.21005.1
MinimumVisualStudioVersion = 10.0.40219.1
Project("{F184B08F-C81C-45F6-A57F-5ABD9991F28F}") = "TomaszPrzybylski_GradeProgram_03.01.17", "TomaszPrzybylski_GradeProgram_03.01.17\TomaszPrzybylski_GradeProgram_03.01.17.vbproj", "{6271696E-0317-439E-ABAC-0EE5ADF66BDF}"
EndProject
Global
	GlobalSection(SolutionConfigurationPlatforms) = preSolution
		Debug|Any CPU = Debug|Any CPU
		Release|Any CPU = Release|Any CPU
	EndGlobalSection
	GlobalSection(ProjectConfigurationPlatforms) = postSolution
		{6271696E-0317-439E-ABAC-0EE5ADF66BDF}.Debug|Any CPU.ActiveCfg = Debug|Any CPU
		{6271696E-0317-439E-ABAC-0EE5ADF66BDF}.Debug|Any CPU.Build.0 = Debug|Any CPU
		{6271696E-0317-439E-ABAC-0EE5ADF66BDF}.Release|Any CPU.ActiveCfg = Release|Any CPU
		{6271696E-0317-439E-ABAC-0EE5ADF66BDF}.Release|Any CPU.Build.0 = Release|Any CPU
	EndGlobalSection
	GlobalSection(SolutionProperties) = preSolution
		HideSolutionNode = FALSE
	EndGlobalSection
EndGlobal
