
Microsoft Visual Studio Solution File, Format Version 12.00
# Visual Studio 2013
VisualStudioVersion = 12.0.21005.1
MinimumVisualStudioVersion = 10.0.40219.1
Project("{F184B08F-C81C-45F6-A57F-5ABD9991F28F}") = "TomaszPrzybylski_CaesarCypher_21.11.16", "TomaszPrzybylski_CaesarCypher_21.11.16\TomaszPrzybylski_CaesarCypher_21.11.16.vbproj", "{03848887-5F7E-4E85-8CDF-9331C767C87C}"
EndProject
Global
	GlobalSection(SolutionConfigurationPlatforms) = preSolution
		Debug|Any CPU = Debug|Any CPU
		Release|Any CPU = Release|Any CPU
	EndGlobalSection
	GlobalSection(ProjectConfigurationPlatforms) = postSolution
		{03848887-5F7E-4E85-8CDF-9331C767C87C}.Debug|Any CPU.ActiveCfg = Debug|Any CPU
		{03848887-5F7E-4E85-8CDF-9331C767C87C}.Debug|Any CPU.Build.0 = Debug|Any CPU
		{03848887-5F7E-4E85-8CDF-9331C767C87C}.Release|Any CPU.ActiveCfg = Release|Any CPU
		{03848887-5F7E-4E85-8CDF-9331C767C87C}.Release|Any CPU.Build.0 = Release|Any CPU
	EndGlobalSection
	GlobalSection(SolutionProperties) = preSolution
		HideSolutionNode = FALSE
	EndGlobalSection
EndGlobal
